// !$*UTF8*$!
{
	archiveVersion = 1;
	classes = {
	};
	objectVersion = 46;
	objects = {

/* Begin PBXBuildFile section */
		156EDF491C5C4F48007FD726 /* GLSettingsViewController.m in Sources */ = {isa = PBXBuildFile; fileRef = 156EDF481C5C4F48007FD726 /* GLSettingsViewController.m */; };
		69C365CDA95BFBB063953BDE /* Pods_GrocoLoco.framework in Frameworks */ = {isa = PBXBuildFile; fileRef = 0E56798601A3537EA89129E5 /* Pods_GrocoLoco.framework */; };
		A702E9221BBC01C9001F24DC /* main.m in Sources */ = {isa = PBXBuildFile; fileRef = A702E9211BBC01C9001F24DC /* main.m */; };
		A702E9251BBC01C9001F24DC /* GLAppDelegate.m in Sources */ = {isa = PBXBuildFile; fileRef = A702E9241BBC01C9001F24DC /* GLAppDelegate.m */; };
		A702E92B1BBC01C9001F24DC /* Main.storyboard in Resources */ = {isa = PBXBuildFile; fileRef = A702E9291BBC01C9001F24DC /* Main.storyboard */; };
		A702E92D1BBC01C9001F24DC /* Assets.xcassets in Resources */ = {isa = PBXBuildFile; fileRef = A702E92C1BBC01C9001F24DC /* Assets.xcassets */; };
		A702E9301BBC01C9001F24DC /* LaunchScreen.storyboard in Resources */ = {isa = PBXBuildFile; fileRef = A702E92E1BBC01C9001F24DC /* LaunchScreen.storyboard */; };
		A702E93A1BBC4FF6001F24DC /* GLNetworkingManager.m in Sources */ = {isa = PBXBuildFile; fileRef = A702E9391BBC4FF6001F24DC /* GLNetworkingManager.m */; };
		A702E93D1BBC5992001F24DC /* GLLoginViewController.m in Sources */ = {isa = PBXBuildFile; fileRef = A702E93C1BBC5992001F24DC /* GLLoginViewController.m */; };
		A702E9411BBC5B81001F24DC /* GLHomeViewController.m in Sources */ = {isa = PBXBuildFile; fileRef = A702E9401BBC5B81001F24DC /* GLHomeViewController.m */; };
		A702E9471BBC80BC001F24DC /* GLBaseViewController.m in Sources */ = {isa = PBXBuildFile; fileRef = A702E9461BBC80BC001F24DC /* GLBaseViewController.m */; };
		A702E9501BBDAE32001F24DC /* GLGroceryItem.m in Sources */ = {isa = PBXBuildFile; fileRef = A702E94F1BBDAE32001F24DC /* GLGroceryItem.m */; };
		A702E9531BBDCB94001F24DC /* GLHomeTableViewCell.m in Sources */ = {isa = PBXBuildFile; fileRef = A702E9521BBDCB94001F24DC /* GLHomeTableViewCell.m */; };
		A712AD7A1BF80F2E002DC2DD /* GLGrocerySearchedItem.m in Sources */ = {isa = PBXBuildFile; fileRef = A712AD791BF80F2E002DC2DD /* GLGrocerySearchedItem.m */; };
		A712ADA31BF902B1002DC2DD /* MHProgressBar.m in Sources */ = {isa = PBXBuildFile; fileRef = A712ADA21BF902B1002DC2DD /* MHProgressBar.m */; };
		A7375D341BF97F7E00D05E3A /* UIButton+GLCenterButton.m in Sources */ = {isa = PBXBuildFile; fileRef = A7375D321BF97F7E00D05E3A /* UIButton+GLCenterButton.m */; };
		A786C2A61BDE7F9B003B90DE /* GLSearchViewController.m in Sources */ = {isa = PBXBuildFile; fileRef = A786C2A51BDE7F9B003B90DE /* GLSearchViewController.m */; };
		A7F68BBF1BF7BB6A00FD7806 /* GLShoppingViewController.m in Sources */ = {isa = PBXBuildFile; fileRef = A7F68BBE1BF7BB6A00FD7806 /* GLShoppingViewController.m */; };
		A7F68BC21BF7BF8C00FD7806 /* GLShoppingItemView.xib in Resources */ = {isa = PBXBuildFile; fileRef = A7F68BC11BF7BF8C00FD7806 /* GLShoppingItemView.xib */; };
		A7F68BC51BF7BFBC00FD7806 /* GLShoppingItemView.m in Sources */ = {isa = PBXBuildFile; fileRef = A7F68BC41BF7BFBC00FD7806 /* GLShoppingItemView.m */; };
		A7F68BC81BF7D17600FD7806 /* MHSegmentedControl.m in Sources */ = {isa = PBXBuildFile; fileRef = A7F68BC71BF7D17600FD7806 /* MHSegmentedControl.m */; };
		A7FE71B41BF3BF98001A0EA2 /* GLConstants.m in Sources */ = {isa = PBXBuildFile; fileRef = A7FE71B31BF3BF98001A0EA2 /* GLConstants.m */; };
		A7FE71B71BF6C4DC001A0EA2 /* GLSearchTableViewCell.m in Sources */ = {isa = PBXBuildFile; fileRef = A7FE71B61BF6C4DB001A0EA2 /* GLSearchTableViewCell.m */; };
		A7FFFB371BD53C9F005B5A08 /* GLMapViewController.m in Sources */ = {isa = PBXBuildFile; fileRef = A7FFFB361BD53C9F005B5A08 /* GLMapViewController.m */; };
		A7FFFB391BD53EB3005B5A08 /* CoreLocation.framework in Frameworks */ = {isa = PBXBuildFile; fileRef = A7FFFB381BD53EB3005B5A08 /* CoreLocation.framework */; };
		A7FFFB3B1BD542C1005B5A08 /* MapKit.framework in Frameworks */ = {isa = PBXBuildFile; fileRef = A7FFFB3A1BD542C1005B5A08 /* MapKit.framework */; };
		A7FFFB3E1BD5758C005B5A08 /* GLMapAnnotation.m in Sources */ = {isa = PBXBuildFile; fileRef = A7FFFB3D1BD5758C005B5A08 /* GLMapAnnotation.m */; };
		A7FFFB431BD825E4005B5A08 /* GLGroceryStore.m in Sources */ = {isa = PBXBuildFile; fileRef = A7FFFB421BD825E4005B5A08 /* GLGroceryStore.m */; };
		A7FFFB461BD83312005B5A08 /* GLUserManager.m in Sources */ = {isa = PBXBuildFile; fileRef = A7FFFB451BD83312005B5A08 /* GLUserManager.m */; };
/* End PBXBuildFile section */

/* Begin PBXFileReference section */
		0E56798601A3537EA89129E5 /* Pods_GrocoLoco.framework */ = {isa = PBXFileReference; explicitFileType = wrapper.framework; includeInIndex = 0; path = Pods_GrocoLoco.framework; sourceTree = BUILT_PRODUCTS_DIR; };
		156EDF471C5C4F48007FD726 /* GLSettingsViewController.h */ = {isa = PBXFileReference; fileEncoding = 4; lastKnownFileType = sourcecode.c.h; path = GLSettingsViewController.h; sourceTree = "<group>"; };
		156EDF481C5C4F48007FD726 /* GLSettingsViewController.m */ = {isa = PBXFileReference; fileEncoding = 4; lastKnownFileType = sourcecode.c.objc; path = GLSettingsViewController.m; sourceTree = "<group>"; };
		1D1F75F61033C4AF2DCA9A53 /* Pods-GrocoLoco.release.xcconfig */ = {isa = PBXFileReference; includeInIndex = 1; lastKnownFileType = text.xcconfig; name = "Pods-GrocoLoco.release.xcconfig"; path = "Pods/Target Support Files/Pods-GrocoLoco/Pods-GrocoLoco.release.xcconfig"; sourceTree = "<group>"; };
		8C416E4FB11360EE7CBB402D /* Pods-GrocoLoco.debug.xcconfig */ = {isa = PBXFileReference; includeInIndex = 1; lastKnownFileType = text.xcconfig; name = "Pods-GrocoLoco.debug.xcconfig"; path = "Pods/Target Support Files/Pods-GrocoLoco/Pods-GrocoLoco.debug.xcconfig"; sourceTree = "<group>"; };
		A702E91D1BBC01C9001F24DC /* GrocoLoco.app */ = {isa = PBXFileReference; explicitFileType = wrapper.application; includeInIndex = 0; path = GrocoLoco.app; sourceTree = BUILT_PRODUCTS_DIR; };
		A702E9211BBC01C9001F24DC /* main.m */ = {isa = PBXFileReference; lastKnownFileType = sourcecode.c.objc; path = main.m; sourceTree = "<group>"; };
		A702E9231BBC01C9001F24DC /* GLAppDelegate.h */ = {isa = PBXFileReference; lastKnownFileType = sourcecode.c.h; path = GLAppDelegate.h; sourceTree = "<group>"; };
		A702E9241BBC01C9001F24DC /* GLAppDelegate.m */ = {isa = PBXFileReference; lastKnownFileType = sourcecode.c.objc; path = GLAppDelegate.m; sourceTree = "<group>"; };
		A702E92A1BBC01C9001F24DC /* Base */ = {isa = PBXFileReference; lastKnownFileType = file.storyboard; name = Base; path = Base.lproj/Main.storyboard; sourceTree = "<group>"; };
		A702E92C1BBC01C9001F24DC /* Assets.xcassets */ = {isa = PBXFileReference; lastKnownFileType = folder.assetcatalog; path = Assets.xcassets; sourceTree = "<group>"; };
		A702E92F1BBC01C9001F24DC /* Base */ = {isa = PBXFileReference; lastKnownFileType = file.storyboard; name = Base; path = Base.lproj/LaunchScreen.storyboard; sourceTree = "<group>"; };
		A702E9311BBC01C9001F24DC /* Info.plist */ = {isa = PBXFileReference; lastKnownFileType = text.plist.xml; path = Info.plist; sourceTree = "<group>"; };
		A702E9371BBC4DB0001F24DC /* GrocoLocoPrefix.pch */ = {isa = PBXFileReference; lastKnownFileType = sourcecode.c.h; path = GrocoLocoPrefix.pch; sourceTree = "<group>"; };
		A702E9381BBC4FF6001F24DC /* GLNetworkingManager.h */ = {isa = PBXFileReference; fileEncoding = 4; lastKnownFileType = sourcecode.c.h; path = GLNetworkingManager.h; sourceTree = "<group>"; };
		A702E9391BBC4FF6001F24DC /* GLNetworkingManager.m */ = {isa = PBXFileReference; fileEncoding = 4; lastKnownFileType = sourcecode.c.objc; path = GLNetworkingManager.m; sourceTree = "<group>"; };
		A702E93B1BBC5992001F24DC /* GLLoginViewController.h */ = {isa = PBXFileReference; fileEncoding = 4; lastKnownFileType = sourcecode.c.h; path = GLLoginViewController.h; sourceTree = "<group>"; };
		A702E93C1BBC5992001F24DC /* GLLoginViewController.m */ = {isa = PBXFileReference; fileEncoding = 4; lastKnownFileType = sourcecode.c.objc; path = GLLoginViewController.m; sourceTree = "<group>"; };
		A702E93E1BBC5A3A001F24DC /* GLConstants.h */ = {isa = PBXFileReference; lastKnownFileType = sourcecode.c.h; path = GLConstants.h; sourceTree = "<group>"; };
		A702E93F1BBC5B81001F24DC /* GLHomeViewController.h */ = {isa = PBXFileReference; fileEncoding = 4; lastKnownFileType = sourcecode.c.h; path = GLHomeViewController.h; sourceTree = "<group>"; };
		A702E9401BBC5B81001F24DC /* GLHomeViewController.m */ = {isa = PBXFileReference; fileEncoding = 4; lastKnownFileType = sourcecode.c.objc; path = GLHomeViewController.m; sourceTree = "<group>"; };
		A702E9451BBC80BC001F24DC /* GLBaseViewController.h */ = {isa = PBXFileReference; fileEncoding = 4; lastKnownFileType = sourcecode.c.h; path = GLBaseViewController.h; sourceTree = "<group>"; };
		A702E9461BBC80BC001F24DC /* GLBaseViewController.m */ = {isa = PBXFileReference; fileEncoding = 4; lastKnownFileType = sourcecode.c.objc; path = GLBaseViewController.m; sourceTree = "<group>"; };
		A702E94E1BBDAE32001F24DC /* GLGroceryItem.h */ = {isa = PBXFileReference; fileEncoding = 4; lastKnownFileType = sourcecode.c.h; path = GLGroceryItem.h; sourceTree = "<group>"; };
		A702E94F1BBDAE32001F24DC /* GLGroceryItem.m */ = {isa = PBXFileReference; fileEncoding = 4; lastKnownFileType = sourcecode.c.objc; path = GLGroceryItem.m; sourceTree = "<group>"; };
		A702E9511BBDCB94001F24DC /* GLHomeTableViewCell.h */ = {isa = PBXFileReference; fileEncoding = 4; lastKnownFileType = sourcecode.c.h; path = GLHomeTableViewCell.h; sourceTree = "<group>"; };
		A702E9521BBDCB94001F24DC /* GLHomeTableViewCell.m */ = {isa = PBXFileReference; fileEncoding = 4; lastKnownFileType = sourcecode.c.objc; path = GLHomeTableViewCell.m; sourceTree = "<group>"; };
		A712AD781BF80F2E002DC2DD /* GLGrocerySearchedItem.h */ = {isa = PBXFileReference; fileEncoding = 4; lastKnownFileType = sourcecode.c.h; path = GLGrocerySearchedItem.h; sourceTree = "<group>"; };
		A712AD791BF80F2E002DC2DD /* GLGrocerySearchedItem.m */ = {isa = PBXFileReference; fileEncoding = 4; lastKnownFileType = sourcecode.c.objc; path = GLGrocerySearchedItem.m; sourceTree = "<group>"; };
		A712ADA11BF902B1002DC2DD /* MHProgressBar.h */ = {isa = PBXFileReference; fileEncoding = 4; lastKnownFileType = sourcecode.c.h; path = MHProgressBar.h; sourceTree = "<group>"; };
		A712ADA21BF902B1002DC2DD /* MHProgressBar.m */ = {isa = PBXFileReference; fileEncoding = 4; lastKnownFileType = sourcecode.c.objc; path = MHProgressBar.m; sourceTree = "<group>"; };
		A7375D311BF97F7E00D05E3A /* UIButton+GLCenterButton.h */ = {isa = PBXFileReference; fileEncoding = 4; lastKnownFileType = sourcecode.c.h; path = "UIButton+GLCenterButton.h"; sourceTree = "<group>"; };
		A7375D321BF97F7E00D05E3A /* UIButton+GLCenterButton.m */ = {isa = PBXFileReference; fileEncoding = 4; lastKnownFileType = sourcecode.c.objc; path = "UIButton+GLCenterButton.m"; sourceTree = "<group>"; };
		A786C2A41BDE7F9B003B90DE /* GLSearchViewController.h */ = {isa = PBXFileReference; fileEncoding = 4; lastKnownFileType = sourcecode.c.h; path = GLSearchViewController.h; sourceTree = "<group>"; };
		A786C2A51BDE7F9B003B90DE /* GLSearchViewController.m */ = {isa = PBXFileReference; fileEncoding = 4; lastKnownFileType = sourcecode.c.objc; path = GLSearchViewController.m; sourceTree = "<group>"; };
		A7F68BBD1BF7BB6A00FD7806 /* GLShoppingViewController.h */ = {isa = PBXFileReference; fileEncoding = 4; lastKnownFileType = sourcecode.c.h; path = GLShoppingViewController.h; sourceTree = "<group>"; };
		A7F68BBE1BF7BB6A00FD7806 /* GLShoppingViewController.m */ = {isa = PBXFileReference; fileEncoding = 4; lastKnownFileType = sourcecode.c.objc; path = GLShoppingViewController.m; sourceTree = "<group>"; };
		A7F68BC11BF7BF8C00FD7806 /* GLShoppingItemView.xib */ = {isa = PBXFileReference; fileEncoding = 4; lastKnownFileType = file.xib; path = GLShoppingItemView.xib; sourceTree = "<group>"; };
		A7F68BC31BF7BFBC00FD7806 /* GLShoppingItemView.h */ = {isa = PBXFileReference; fileEncoding = 4; lastKnownFileType = sourcecode.c.h; path = GLShoppingItemView.h; sourceTree = "<group>"; };
		A7F68BC41BF7BFBC00FD7806 /* GLShoppingItemView.m */ = {isa = PBXFileReference; fileEncoding = 4; lastKnownFileType = sourcecode.c.objc; path = GLShoppingItemView.m; sourceTree = "<group>"; };
		A7F68BC61BF7D17500FD7806 /* MHSegmentedControl.h */ = {isa = PBXFileReference; fileEncoding = 4; lastKnownFileType = sourcecode.c.h; path = MHSegmentedControl.h; sourceTree = "<group>"; };
		A7F68BC71BF7D17600FD7806 /* MHSegmentedControl.m */ = {isa = PBXFileReference; fileEncoding = 4; lastKnownFileType = sourcecode.c.objc; path = MHSegmentedControl.m; sourceTree = "<group>"; };
		A7FE71B31BF3BF98001A0EA2 /* GLConstants.m */ = {isa = PBXFileReference; fileEncoding = 4; lastKnownFileType = sourcecode.c.objc; path = GLConstants.m; sourceTree = "<group>"; };
		A7FE71B51BF6C4DB001A0EA2 /* GLSearchTableViewCell.h */ = {isa = PBXFileReference; fileEncoding = 4; lastKnownFileType = sourcecode.c.h; path = GLSearchTableViewCell.h; sourceTree = "<group>"; };
		A7FE71B61BF6C4DB001A0EA2 /* GLSearchTableViewCell.m */ = {isa = PBXFileReference; fileEncoding = 4; lastKnownFileType = sourcecode.c.objc; path = GLSearchTableViewCell.m; sourceTree = "<group>"; };
		A7FFFB351BD53C9F005B5A08 /* GLMapViewController.h */ = {isa = PBXFileReference; fileEncoding = 4; lastKnownFileType = sourcecode.c.h; path = GLMapViewController.h; sourceTree = "<group>"; };
		A7FFFB361BD53C9F005B5A08 /* GLMapViewController.m */ = {isa = PBXFileReference; fileEncoding = 4; lastKnownFileType = sourcecode.c.objc; path = GLMapViewController.m; sourceTree = "<group>"; };
		A7FFFB381BD53EB3005B5A08 /* CoreLocation.framework */ = {isa = PBXFileReference; lastKnownFileType = wrapper.framework; name = CoreLocation.framework; path = System/Library/Frameworks/CoreLocation.framework; sourceTree = SDKROOT; };
		A7FFFB3A1BD542C1005B5A08 /* MapKit.framework */ = {isa = PBXFileReference; lastKnownFileType = wrapper.framework; name = MapKit.framework; path = System/Library/Frameworks/MapKit.framework; sourceTree = SDKROOT; };
		A7FFFB3C1BD5758C005B5A08 /* GLMapAnnotation.h */ = {isa = PBXFileReference; fileEncoding = 4; lastKnownFileType = sourcecode.c.h; path = GLMapAnnotation.h; sourceTree = "<group>"; };
		A7FFFB3D1BD5758C005B5A08 /* GLMapAnnotation.m */ = {isa = PBXFileReference; fileEncoding = 4; lastKnownFileType = sourcecode.c.objc; path = GLMapAnnotation.m; sourceTree = "<group>"; };
		A7FFFB411BD825E4005B5A08 /* GLGroceryStore.h */ = {isa = PBXFileReference; fileEncoding = 4; lastKnownFileType = sourcecode.c.h; path = GLGroceryStore.h; sourceTree = "<group>"; };
		A7FFFB421BD825E4005B5A08 /* GLGroceryStore.m */ = {isa = PBXFileReference; fileEncoding = 4; lastKnownFileType = sourcecode.c.objc; path = GLGroceryStore.m; sourceTree = "<group>"; };
		A7FFFB441BD83312005B5A08 /* GLUserManager.h */ = {isa = PBXFileReference; fileEncoding = 4; lastKnownFileType = sourcecode.c.h; path = GLUserManager.h; sourceTree = "<group>"; };
		A7FFFB451BD83312005B5A08 /* GLUserManager.m */ = {isa = PBXFileReference; fileEncoding = 4; lastKnownFileType = sourcecode.c.objc; path = GLUserManager.m; sourceTree = "<group>"; };
/* End PBXFileReference section */

/* Begin PBXFrameworksBuildPhase section */
		A702E91A1BBC01C9001F24DC /* Frameworks */ = {
			isa = PBXFrameworksBuildPhase;
			buildActionMask = 2147483647;
			files = (
				A7FFFB3B1BD542C1005B5A08 /* MapKit.framework in Frameworks */,
				A7FFFB391BD53EB3005B5A08 /* CoreLocation.framework in Frameworks */,
				69C365CDA95BFBB063953BDE /* Pods_GrocoLoco.framework in Frameworks */,
			);
			runOnlyForDeploymentPostprocessing = 0;
		};
/* End PBXFrameworksBuildPhase section */

/* Begin PBXGroup section */
		26B57AEEE70EE93BC927061B /* Pods */ = {
			isa = PBXGroup;
			children = (
				8C416E4FB11360EE7CBB402D /* Pods-GrocoLoco.debug.xcconfig */,
				1D1F75F61033C4AF2DCA9A53 /* Pods-GrocoLoco.release.xcconfig */,
			);
			name = Pods;
			sourceTree = "<group>";
		};
		A702E9141BBC01C9001F24DC = {
			isa = PBXGroup;
			children = (
				A702E91F1BBC01C9001F24DC /* GrocoLoco */,
				A702E91E1BBC01C9001F24DC /* Products */,
				26B57AEEE70EE93BC927061B /* Pods */,
				C9ED506970679FECF02A91C5 /* Frameworks */,
			);
			sourceTree = "<group>";
		};
		A702E91E1BBC01C9001F24DC /* Products */ = {
			isa = PBXGroup;
			children = (
				A702E91D1BBC01C9001F24DC /* GrocoLoco.app */,
			);
			name = Products;
			sourceTree = "<group>";
		};
		A702E91F1BBC01C9001F24DC /* GrocoLoco */ = {
			isa = PBXGroup;
			children = (
				A702E9291BBC01C9001F24DC /* Main.storyboard */,
				156EDF471C5C4F48007FD726 /* GLSettingsViewController.h */,
				156EDF481C5C4F48007FD726 /* GLSettingsViewController.m */,
				A702E9231BBC01C9001F24DC /* GLAppDelegate.h */,
				A702E9241BBC01C9001F24DC /* GLAppDelegate.m */,
				A702E94D1BBDAE12001F24DC /* Model Objects */,
				A702E94B1BBDA23B001F24DC /* Login/Sign up */,
				A7F68BC01BF7BB8000FD7806 /* Shopping */,
				A702E94C1BBDA24C001F24DC /* Home */,
				A7A0CB971BF92BC900051FF1 /* Search */,
				A702E9381BBC4FF6001F24DC /* GLNetworkingManager.h */,
				A702E9391BBC4FF6001F24DC /* GLNetworkingManager.m */,
				A7FFFB441BD83312005B5A08 /* GLUserManager.h */,
				A7FFFB451BD83312005B5A08 /* GLUserManager.m */,
				A702E92C1BBC01C9001F24DC /* Assets.xcassets */,
				A702E92E1BBC01C9001F24DC /* LaunchScreen.storyboard */,
				A702E9311BBC01C9001F24DC /* Info.plist */,
				A702E93E1BBC5A3A001F24DC /* GLConstants.h */,
				A7FE71B31BF3BF98001A0EA2 /* GLConstants.m */,
				A7F68BC61BF7D17500FD7806 /* MHSegmentedControl.h */,
				A7F68BC71BF7D17600FD7806 /* MHSegmentedControl.m */,
				A712ADA11BF902B1002DC2DD /* MHProgressBar.h */,
				A712ADA21BF902B1002DC2DD /* MHProgressBar.m */,
				A7375D311BF97F7E00D05E3A /* UIButton+GLCenterButton.h */,
				A7375D321BF97F7E00D05E3A /* UIButton+GLCenterButton.m */,
				A702E9201BBC01C9001F24DC /* Supporting Files */,
			);
			path = GrocoLoco;
			sourceTree = "<group>";
		};
		A702E9201BBC01C9001F24DC /* Supporting Files */ = {
			isa = PBXGroup;
			children = (
				A702E9371BBC4DB0001F24DC /* GrocoLocoPrefix.pch */,
				A702E9211BBC01C9001F24DC /* main.m */,
			);
			name = "Supporting Files";
			sourceTree = "<group>";
		};
		A702E94B1BBDA23B001F24DC /* Login/Sign up */ = {
			isa = PBXGroup;
			children = (
				A702E93B1BBC5992001F24DC /* GLLoginViewController.h */,
				A702E93C1BBC5992001F24DC /* GLLoginViewController.m */,
				A7FFFB351BD53C9F005B5A08 /* GLMapViewController.h */,
				A7FFFB361BD53C9F005B5A08 /* GLMapViewController.m */,
			);
			name = "Login/Sign up";
			sourceTree = "<group>";
		};
		A702E94C1BBDA24C001F24DC /* Home */ = {
			isa = PBXGroup;
			children = (
				A702E93F1BBC5B81001F24DC /* GLHomeViewController.h */,
				A702E9401BBC5B81001F24DC /* GLHomeViewController.m */,
				A702E9511BBDCB94001F24DC /* GLHomeTableViewCell.h */,
				A702E9521BBDCB94001F24DC /* GLHomeTableViewCell.m */,
			);
			name = Home;
			sourceTree = "<group>";
		};
		A702E94D1BBDAE12001F24DC /* Model Objects */ = {
			isa = PBXGroup;
			children = (
				A702E9451BBC80BC001F24DC /* GLBaseViewController.h */,
				A702E9461BBC80BC001F24DC /* GLBaseViewController.m */,
				A702E94E1BBDAE32001F24DC /* GLGroceryItem.h */,
				A702E94F1BBDAE32001F24DC /* GLGroceryItem.m */,
				A7FFFB3C1BD5758C005B5A08 /* GLMapAnnotation.h */,
				A7FFFB3D1BD5758C005B5A08 /* GLMapAnnotation.m */,
				A7FFFB411BD825E4005B5A08 /* GLGroceryStore.h */,
				A7FFFB421BD825E4005B5A08 /* GLGroceryStore.m */,
				A712AD781BF80F2E002DC2DD /* GLGrocerySearchedItem.h */,
				A712AD791BF80F2E002DC2DD /* GLGrocerySearchedItem.m */,
			);
			name = "Model Objects";
			sourceTree = "<group>";
		};
		A7A0CB971BF92BC900051FF1 /* Search */ = {
			isa = PBXGroup;
			children = (
				A7FE71B51BF6C4DB001A0EA2 /* GLSearchTableViewCell.h */,
				A7FE71B61BF6C4DB001A0EA2 /* GLSearchTableViewCell.m */,
				A786C2A41BDE7F9B003B90DE /* GLSearchViewController.h */,
				A786C2A51BDE7F9B003B90DE /* GLSearchViewController.m */,
			);
			name = Search;
			sourceTree = "<group>";
		};
		A7F68BC01BF7BB8000FD7806 /* Shopping */ = {
			isa = PBXGroup;
			children = (
				A7F68BBD1BF7BB6A00FD7806 /* GLShoppingViewController.h */,
				A7F68BBE1BF7BB6A00FD7806 /* GLShoppingViewController.m */,
				A7F68BC11BF7BF8C00FD7806 /* GLShoppingItemView.xib */,
				A7F68BC31BF7BFBC00FD7806 /* GLShoppingItemView.h */,
				A7F68BC41BF7BFBC00FD7806 /* GLShoppingItemView.m */,
			);
			name = Shopping;
			sourceTree = "<group>";
		};
		C9ED506970679FECF02A91C5 /* Frameworks */ = {
			isa = PBXGroup;
			children = (
				A7FFFB3A1BD542C1005B5A08 /* MapKit.framework */,
				A7FFFB381BD53EB3005B5A08 /* CoreLocation.framework */,
				0E56798601A3537EA89129E5 /* Pods_GrocoLoco.framework */,
			);
			name = Frameworks;
			sourceTree = "<group>";
		};
/* End PBXGroup section */

/* Begin PBXNativeTarget section */
		A702E91C1BBC01C9001F24DC /* GrocoLoco */ = {
			isa = PBXNativeTarget;
			buildConfigurationList = A702E9341BBC01C9001F24DC /* Build configuration list for PBXNativeTarget "GrocoLoco" */;
			buildPhases = (
				300024CD36D2196DAA9F23AA /* Check Pods Manifest.lock */,
				A702E9191BBC01C9001F24DC /* Sources */,
				A702E91A1BBC01C9001F24DC /* Frameworks */,
				A702E91B1BBC01C9001F24DC /* Resources */,
				F2B1443C6F9A27B62BE7734A /* Copy Pods Resources */,
				7D2885A044E984A710D1766B /* Embed Pods Frameworks */,
			);
			buildRules = (
			);
			dependencies = (
			);
			name = GrocoLoco;
			productName = GrocoLoco;
			productReference = A702E91D1BBC01C9001F24DC /* GrocoLoco.app */;
			productType = "com.apple.product-type.application";
		};
/* End PBXNativeTarget section */

/* Begin PBXProject section */
		A702E9151BBC01C9001F24DC /* Project object */ = {
			isa = PBXProject;
			attributes = {
				CLASSPREFIX = GL;
				LastUpgradeCheck = 0700;
				ORGANIZATIONNAME = "Mark Hall";
				TargetAttributes = {
					A702E91C1BBC01C9001F24DC = {
						CreatedOnToolsVersion = 7.0;
						DevelopmentTeam = 8M6F65ZU25;
					};
				};
			};
			buildConfigurationList = A702E9181BBC01C9001F24DC /* Build configuration list for PBXProject "GrocoLoco" */;
			compatibilityVersion = "Xcode 3.2";
			developmentRegion = English;
			hasScannedForEncodings = 0;
			knownRegions = (
				en,
				Base,
			);
			mainGroup = A702E9141BBC01C9001F24DC;
			productRefGroup = A702E91E1BBC01C9001F24DC /* Products */;
			projectDirPath = "";
			projectRoot = "";
			targets = (
				A702E91C1BBC01C9001F24DC /* GrocoLoco */,
			);
		};
/* End PBXProject section */

/* Begin PBXResourcesBuildPhase section */
		A702E91B1BBC01C9001F24DC /* Resources */ = {
			isa = PBXResourcesBuildPhase;
			buildActionMask = 2147483647;
			files = (
				A7F68BC21BF7BF8C00FD7806 /* GLShoppingItemView.xib in Resources */,
				A702E9301BBC01C9001F24DC /* LaunchScreen.storyboard in Resources */,
				A702E92D1BBC01C9001F24DC /* Assets.xcassets in Resources */,
				A702E92B1BBC01C9001F24DC /* Main.storyboard in Resources */,
			);
			runOnlyForDeploymentPostprocessing = 0;
		};
/* End PBXResourcesBuildPhase section */

/* Begin PBXShellScriptBuildPhase section */
		300024CD36D2196DAA9F23AA /* Check Pods Manifest.lock */ = {
			isa = PBXShellScriptBuildPhase;
			buildActionMask = 2147483647;
			files = (
			);
			inputPaths = (
			);
			name = "Check Pods Manifest.lock";
			outputPaths = (
			);
			runOnlyForDeploymentPostprocessing = 0;
			shellPath = /bin/sh;
			shellScript = "diff \"${PODS_ROOT}/../Podfile.lock\" \"${PODS_ROOT}/Manifest.lock\" > /dev/null\nif [[ $? != 0 ]] ; then\n    cat << EOM\nerror: The sandbox is not in sync with the Podfile.lock. Run 'pod install' or update your CocoaPods installation.\nEOM\n    exit 1\nfi\n";
			showEnvVarsInLog = 0;
		};
		7D2885A044E984A710D1766B /* Embed Pods Frameworks */ = {
			isa = PBXShellScriptBuildPhase;
			buildActionMask = 2147483647;
			files = (
			);
			inputPaths = (
			);
			name = "Embed Pods Frameworks";
			outputPaths = (
			);
			runOnlyForDeploymentPostprocessing = 0;
			shellPath = /bin/sh;
			shellScript = "\"${SRCROOT}/Pods/Target Support Files/Pods-GrocoLoco/Pods-GrocoLoco-frameworks.sh\"\n";
			showEnvVarsInLog = 0;
		};
		F2B1443C6F9A27B62BE7734A /* Copy Pods Resources */ = {
			isa = PBXShellScriptBuildPhase;
			buildActionMask = 2147483647;
			files = (
			);
			inputPaths = (
			);
			name = "Copy Pods Resources";
			outputPaths = (
			);
			runOnlyForDeploymentPostprocessing = 0;
			shellPath = /bin/sh;
			shellScript = "\"${SRCROOT}/Pods/Target Support Files/Pods-GrocoLoco/Pods-GrocoLoco-resources.sh\"\n";
			showEnvVarsInLog = 0;
		};
/* End PBXShellScriptBuildPhase section */

/* Begin PBXSourcesBuildPhase section */
		A702E9191BBC01C9001F24DC /* Sources */ = {
			isa = PBXSourcesBuildPhase;
			buildActionMask = 2147483647;
			files = (
				A7FE71B71BF6C4DC001A0EA2 /* GLSearchTableViewCell.m in Sources */,
				A7FFFB371BD53C9F005B5A08 /* GLMapViewController.m in Sources */,
				A712AD7A1BF80F2E002DC2DD /* GLGrocerySearchedItem.m in Sources */,
				A702E9531BBDCB94001F24DC /* GLHomeTableViewCell.m in Sources */,
				A702E9251BBC01C9001F24DC /* GLAppDelegate.m in Sources */,
				A702E9411BBC5B81001F24DC /* GLHomeViewController.m in Sources */,
				A702E93D1BBC5992001F24DC /* GLLoginViewController.m in Sources */,
				A702E93A1BBC4FF6001F24DC /* GLNetworkingManager.m in Sources */,
				A7F68BC81BF7D17600FD7806 /* MHSegmentedControl.m in Sources */,
				A712ADA31BF902B1002DC2DD /* MHProgressBar.m in Sources */,
				156EDF491C5C4F48007FD726 /* GLSettingsViewController.m in Sources */,
				A7FFFB431BD825E4005B5A08 /* GLGroceryStore.m in Sources */,
				A702E9471BBC80BC001F24DC /* GLBaseViewController.m in Sources */,
				A702E9221BBC01C9001F24DC /* main.m in Sources */,
				A7FFFB461BD83312005B5A08 /* GLUserManager.m in Sources */,
				A7375D341BF97F7E00D05E3A /* UIButton+GLCenterButton.m in Sources */,
				A702E9501BBDAE32001F24DC /* GLGroceryItem.m in Sources */,
				A7FFFB3E1BD5758C005B5A08 /* GLMapAnnotation.m in Sources */,
				A7FE71B41BF3BF98001A0EA2 /* GLConstants.m in Sources */,
				A786C2A61BDE7F9B003B90DE /* GLSearchViewController.m in Sources */,
				A7F68BBF1BF7BB6A00FD7806 /* GLShoppingViewController.m in Sources */,
				A7F68BC51BF7BFBC00FD7806 /* GLShoppingItemView.m in Sources */,
			);
			runOnlyForDeploymentPostprocessing = 0;
		};
/* End PBXSourcesBuildPhase section */

/* Begin PBXVariantGroup section */
		A702E9291BBC01C9001F24DC /* Main.storyboard */ = {
			isa = PBXVariantGroup;
			children = (
				A702E92A1BBC01C9001F24DC /* Base */,
			);
			name = Main.storyboard;
			sourceTree = "<group>";
		};
		A702E92E1BBC01C9001F24DC /* LaunchScreen.storyboard */ = {
			isa = PBXVariantGroup;
			children = (
				A702E92F1BBC01C9001F24DC /* Base */,
			);
			name = LaunchScreen.storyboard;
			sourceTree = "<group>";
		};
/* End PBXVariantGroup section */

/* Begin XCBuildConfiguration section */
		A702E9321BBC01C9001F24DC /* Debug */ = {
			isa = XCBuildConfiguration;
			buildSettings = {
				ALWAYS_SEARCH_USER_PATHS = NO;
				CLANG_CXX_LANGUAGE_STANDARD = "gnu++0x";
				CLANG_CXX_LIBRARY = "libc++";
				CLANG_ENABLE_MODULES = YES;
				CLANG_ENABLE_OBJC_ARC = YES;
				CLANG_WARN_BOOL_CONVERSION = YES;
				CLANG_WARN_CONSTANT_CONVERSION = YES;
				CLANG_WARN_DIRECT_OBJC_ISA_USAGE = YES_ERROR;
				CLANG_WARN_EMPTY_BODY = YES;
				CLANG_WARN_ENUM_CONVERSION = YES;
				CLANG_WARN_INT_CONVERSION = YES;
				CLANG_WARN_OBJC_ROOT_CLASS = YES_ERROR;
				CLANG_WARN_UNREACHABLE_CODE = YES;
				CLANG_WARN__DUPLICATE_METHOD_MATCH = YES;
				"CODE_SIGN_IDENTITY[sdk=iphoneos*]" = "iPhone Developer";
				COPY_PHASE_STRIP = NO;
				DEBUG_INFORMATION_FORMAT = dwarf;
				ENABLE_STRICT_OBJC_MSGSEND = YES;
				ENABLE_TESTABILITY = YES;
				GCC_C_LANGUAGE_STANDARD = gnu99;
				GCC_DYNAMIC_NO_PIC = NO;
				GCC_NO_COMMON_BLOCKS = YES;
				GCC_OPTIMIZATION_LEVEL = 0;
				GCC_PREPROCESSOR_DEFINITIONS = (
					"DEBUG=1",
					"$(inherited)",
				);
				GCC_WARN_64_TO_32_BIT_CONVERSION = YES;
				GCC_WARN_ABOUT_RETURN_TYPE = YES_ERROR;
				GCC_WARN_UNDECLARED_SELECTOR = YES;
				GCC_WARN_UNINITIALIZED_AUTOS = YES_AGGRESSIVE;
				GCC_WARN_UNUSED_FUNCTION = YES;
				GCC_WARN_UNUSED_VARIABLE = YES;
				IPHONEOS_DEPLOYMENT_TARGET = 9.0;
				MTL_ENABLE_DEBUG_INFO = YES;
				ONLY_ACTIVE_ARCH = YES;
				SDKROOT = iphoneos;
			};
			name = Debug;
		};
		A702E9331BBC01C9001F24DC /* Release */ = {
			isa = XCBuildConfiguration;
			buildSettings = {
				ALWAYS_SEARCH_USER_PATHS = NO;
				CLANG_CXX_LANGUAGE_STANDARD = "gnu++0x";
				CLANG_CXX_LIBRARY = "libc++";
				CLANG_ENABLE_MODULES = YES;
				CLANG_ENABLE_OBJC_ARC = YES;
				CLANG_WARN_BOOL_CONVERSION = YES;
				CLANG_WARN_CONSTANT_CONVERSION = YES;
				CLANG_WARN_DIRECT_OBJC_ISA_USAGE = YES_ERROR;
				CLANG_WARN_EMPTY_BODY = YES;
				CLANG_WARN_ENUM_CONVERSION = YES;
				CLANG_WARN_INT_CONVERSION = YES;
				CLANG_WARN_OBJC_ROOT_CLASS = YES_ERROR;
				CLANG_WARN_UNREACHABLE_CODE = YES;
				CLANG_WARN__DUPLICATE_METHOD_MATCH = YES;
				"CODE_SIGN_IDENTITY[sdk=iphoneos*]" = "iPhone Developer";
				COPY_PHASE_STRIP = NO;
				DEBUG_INFORMATION_FORMAT = "dwarf-with-dsym";
				ENABLE_NS_ASSERTIONS = NO;
				ENABLE_STRICT_OBJC_MSGSEND = YES;
				GCC_C_LANGUAGE_STANDARD = gnu99;
				GCC_NO_COMMON_BLOCKS = YES;
				GCC_WARN_64_TO_32_BIT_CONVERSION = YES;
				GCC_WARN_ABOUT_RETURN_TYPE = YES_ERROR;
				GCC_WARN_UNDECLARED_SELECTOR = YES;
				GCC_WARN_UNINITIALIZED_AUTOS = YES_AGGRESSIVE;
				GCC_WARN_UNUSED_FUNCTION = YES;
				GCC_WARN_UNUSED_VARIABLE = YES;
				IPHONEOS_DEPLOYMENT_TARGET = 9.0;
				MTL_ENABLE_DEBUG_INFO = NO;
				SDKROOT = iphoneos;
				VALIDATE_PRODUCT = YES;
			};
			name = Release;
		};
		A702E9351BBC01C9001F24DC /* Debug */ = {
			isa = XCBuildConfiguration;
			baseConfigurationReference = 8C416E4FB11360EE7CBB402D /* Pods-GrocoLoco.debug.xcconfig */;
			buildSettings = {
				ASSETCATALOG_COMPILER_APPICON_NAME = AppIcon;
				CODE_SIGN_IDENTITY = "iPhone Developer";
				"CODE_SIGN_IDENTITY[sdk=iphoneos*]" = "iPhone Developer";
				GCC_PRECOMPILE_PREFIX_HEADER = YES;
				GCC_PREFIX_HEADER = "$(PROJECT_DIR)/GrocoLoco/GrocoLocoPrefix.pch";
				INFOPLIST_FILE = GrocoLoco/Info.plist;
				LD_RUNPATH_SEARCH_PATHS = "$(inherited) @executable_path/Frameworks";
				PRODUCT_BUNDLE_IDENTIFIER = com.markhall.GrocoLoco;
				PRODUCT_NAME = "$(TARGET_NAME)";
				PROVISIONING_PROFILE = "";
			};
			name = Debug;
		};
		A702E9361BBC01C9001F24DC /* Release */ = {
			isa = XCBuildConfiguration;
			baseConfigurationReference = 1D1F75F61033C4AF2DCA9A53 /* Pods-GrocoLoco.release.xcconfig */;
			buildSettings = {
				ASSETCATALOG_COMPILER_APPICON_NAME = AppIcon;
				CODE_SIGN_IDENTITY = "iPhone Developer";
				"CODE_SIGN_IDENTITY[sdk=iphoneos*]" = "iPhone Developer";
				GCC_PRECOMPILE_PREFIX_HEADER = YES;
				GCC_PREFIX_HEADER = "$(PROJECT_DIR)/GrocoLoco/GrocoLocoPrefix.pch";
				INFOPLIST_FILE = GrocoLoco/Info.plist;
				LD_RUNPATH_SEARCH_PATHS = "$(inherited) @executable_path/Frameworks";
				PRODUCT_BUNDLE_IDENTIFIER = com.markhall.GrocoLoco;
				PRODUCT_NAME = "$(TARGET_NAME)";
				PROVISIONING_PROFILE = "";
			};
			name = Release;
		};
/* End XCBuildConfiguration section */

/* Begin XCConfigurationList section */
		A702E9181BBC01C9001F24DC /* Build configuration list for PBXProject "GrocoLoco" */ = {
			isa = XCConfigurationList;
			buildConfigurations = (
				A702E9321BBC01C9001F24DC /* Debug */,
				A702E9331BBC01C9001F24DC /* Release */,
			);
			defaultConfigurationIsVisible = 0;
			defaultConfigurationName = Release;
		};
		A702E9341BBC01C9001F24DC /* Build configuration list for PBXNativeTarget "GrocoLoco" */ = {
			isa = XCConfigurationList;
			buildConfigurations = (
				A702E9351BBC01C9001F24DC /* Debug */,
				A702E9361BBC01C9001F24DC /* Release */,
			);
			defaultConfigurationIsVisible = 0;
			defaultConfigurationName = Release;
		};
/* End XCConfigurationList section */
	};
	rootObject = A702E9151BBC01C9001F24DC /* Project object */;
}
